
Microsoft Visual Studio Solution File, Format Version 12.00
# Visual Studio Version 17
VisualStudioVersion = 17.8.34525.116
MinimumVisualStudioVersion = 10.0.40219.1
Project("{FAE04EC0-301F-11D3-BF4B-00C04F79EFBC}") = "API_Manga", "API_Manga\API_Manga.csproj", "{3401C645-A49D-4DF8-8F37-1DFDB2E20543}"
EndProject
Global
	GlobalSection(SolutionConfigurationPlatforms) = preSolution
		Debug|Any CPU = Debug|Any CPU
		Release|Any CPU = Release|Any CPU
	EndGlobalSection
	GlobalSection(ProjectConfigurationPlatforms) = postSolution
		{3401C645-A49D-4DF8-8F37-1DFDB2E20543}.Debug|Any CPU.ActiveCfg = Debug|Any CPU
		{3401C645-A49D-4DF8-8F37-1DFDB2E20543}.Debug|Any CPU.Build.0 = Debug|Any CPU
		{3401C645-A49D-4DF8-8F37-1DFDB2E20543}.Release|Any CPU.ActiveCfg = Release|Any CPU
		{3401C645-A49D-4DF8-8F37-1DFDB2E20543}.Release|Any CPU.Build.0 = Release|Any CPU
	EndGlobalSection
	GlobalSection(SolutionProperties) = preSolution
		HideSolutionNode = FALSE
	EndGlobalSection
	GlobalSection(ExtensibilityGlobals) = postSolution
		SolutionGuid = {28E4042E-CD0C-47C0-94A8-5EC043C9EF9B}
	EndGlobalSection
EndGlobal
